schema: '2.0'
stages:
  test-dvclive:
    cmd: python test_live_metrics.py
    params:
      params.yaml:
        epochs: 5
        trigger: 1
    outs:
    - path: dvclive/metrics.json
      md5: 3ba11b9dc27cd3751b5b04a69d54a98a
      size: 77
    - path: dvclive/plots
      md5: 86e0f03034069a8ccc8e77ba2f98209f.dir
      size: 222
      nfiles: 2
